
Microsoft Visual Studio Solution File, Format Version 12.00
# Visual Studio Version 17
VisualStudioVersion = 17.5.33627.172
MinimumVisualStudioVersion = 10.0.40219.1
Project("{FAE04EC0-301F-11D3-BF4B-00C04F79EFBC}") = "Ejercicio5.Android", "Ejercicio5\Ejercicio5.Android\Ejercicio5.Android.csproj", "{C203A964-B53F-4A8A-B0C4-309A6F172610}"
EndProject
Project("{FAE04EC0-301F-11D3-BF4B-00C04F79EFBC}") = "Ejercicio5.iOS", "Ejercicio5\Ejercicio5.iOS\Ejercicio5.iOS.csproj", "{66852E3C-DC98-4284-A55E-4C27A8526C1E}"
EndProject
Project("{FAE04EC0-301F-11D3-BF4B-00C04F79EFBC}") = "Ejercicio5", "Ejercicio5\Ejercicio5\Ejercicio5.csproj", "{54D7ABC4-FB64-47C1-AE15-18ED218F5FD0}"
EndProject
Global
	GlobalSection(SolutionConfigurationPlatforms) = preSolution
		Debug|Any CPU = Debug|Any CPU
		Debug|iPhone = Debug|iPhone
		Debug|iPhoneSimulator = Debug|iPhoneSimulator
		Release|Any CPU = Release|Any CPU
		Release|iPhone = Release|iPhone
		Release|iPhoneSimulator = Release|iPhoneSimulator
	EndGlobalSection
	GlobalSection(ProjectConfigurationPlatforms) = postSolution
		{C203A964-B53F-4A8A-B0C4-309A6F172610}.Debug|Any CPU.ActiveCfg = Debug|Any CPU
		{C203A964-B53F-4A8A-B0C4-309A6F172610}.Debug|Any CPU.Build.0 = Debug|Any CPU
		{C203A964-B53F-4A8A-B0C4-309A6F172610}.Debug|Any CPU.Deploy.0 = Debug|Any CPU
		{C203A964-B53F-4A8A-B0C4-309A6F172610}.Debug|iPhone.ActiveCfg = Debug|Any CPU
		{C203A964-B53F-4A8A-B0C4-309A6F172610}.Debug|iPhone.Build.0 = Debug|Any CPU
		{C203A964-B53F-4A8A-B0C4-309A6F172610}.Debug|iPhone.Deploy.0 = Debug|Any CPU
		{C203A964-B53F-4A8A-B0C4-309A6F172610}.Debug|iPhoneSimulator.ActiveCfg = Debug|Any CPU
		{C203A964-B53F-4A8A-B0C4-309A6F172610}.Debug|iPhoneSimulator.Build.0 = Debug|Any CPU
		{C203A964-B53F-4A8A-B0C4-309A6F172610}.Debug|iPhoneSimulator.Deploy.0 = Debug|Any CPU
		{C203A964-B53F-4A8A-B0C4-309A6F172610}.Release|Any CPU.ActiveCfg = Release|Any CPU
		{C203A964-B53F-4A8A-B0C4-309A6F172610}.Release|Any CPU.Build.0 = Release|Any CPU
		{C203A964-B53F-4A8A-B0C4-309A6F172610}.Release|Any CPU.Deploy.0 = Release|Any CPU
		{C203A964-B53F-4A8A-B0C4-309A6F172610}.Release|iPhone.ActiveCfg = Release|Any CPU
		{C203A964-B53F-4A8A-B0C4-309A6F172610}.Release|iPhone.Build.0 = Release|Any CPU
		{C203A964-B53F-4A8A-B0C4-309A6F172610}.Release|iPhone.Deploy.0 = Release|Any CPU
		{C203A964-B53F-4A8A-B0C4-309A6F172610}.Release|iPhoneSimulator.ActiveCfg = Release|Any CPU
		{C203A964-B53F-4A8A-B0C4-309A6F172610}.Release|iPhoneSimulator.Build.0 = Release|Any CPU
		{C203A964-B53F-4A8A-B0C4-309A6F172610}.Release|iPhoneSimulator.Deploy.0 = Release|Any CPU
		{66852E3C-DC98-4284-A55E-4C27A8526C1E}.Debug|Any CPU.ActiveCfg = Debug|iPhone
		{66852E3C-DC98-4284-A55E-4C27A8526C1E}.Debug|Any CPU.Build.0 = Debug|iPhone
		{66852E3C-DC98-4284-A55E-4C27A8526C1E}.Debug|Any CPU.Deploy.0 = Debug|iPhone
		{66852E3C-DC98-4284-A55E-4C27A8526C1E}.Debug|iPhone.ActiveCfg = Debug|iPhone
		{66852E3C-DC98-4284-A55E-4C27A8526C1E}.Debug|iPhone.Build.0 = Debug|iPhone
		{66852E3C-DC98-4284-A55E-4C27A8526C1E}.Debug|iPhone.Deploy.0 = Debug|iPhone
		{66852E3C-DC98-4284-A55E-4C27A8526C1E}.Debug|iPhoneSimulator.ActiveCfg = Debug|iPhoneSimulator
		{66852E3C-DC98-4284-A55E-4C27A8526C1E}.Debug|iPhoneSimulator.Build.0 = Debug|iPhoneSimulator
		{66852E3C-DC98-4284-A55E-4C27A8526C1E}.Debug|iPhoneSimulator.Deploy.0 = Debug|iPhoneSimulator
		{66852E3C-DC98-4284-A55E-4C27A8526C1E}.Release|Any CPU.ActiveCfg = Release|iPhoneSimulator
		{66852E3C-DC98-4284-A55E-4C27A8526C1E}.Release|Any CPU.Build.0 = Release|iPhoneSimulator
		{66852E3C-DC98-4284-A55E-4C27A8526C1E}.Release|Any CPU.Deploy.0 = Release|iPhoneSimulator
		{66852E3C-DC98-4284-A55E-4C27A8526C1E}.Release|iPhone.ActiveCfg = Release|iPhone
		{66852E3C-DC98-4284-A55E-4C27A8526C1E}.Release|iPhone.Build.0 = Release|iPhone
		{66852E3C-DC98-4284-A55E-4C27A8526C1E}.Release|iPhone.Deploy.0 = Release|iPhone
		{66852E3C-DC98-4284-A55E-4C27A8526C1E}.Release|iPhoneSimulator.ActiveCfg = Release|iPhoneSimulator
		{66852E3C-DC98-4284-A55E-4C27A8526C1E}.Release|iPhoneSimulator.Build.0 = Release|iPhoneSimulator
		{66852E3C-DC98-4284-A55E-4C27A8526C1E}.Release|iPhoneSimulator.Deploy.0 = Release|iPhoneSimulator
		{54D7ABC4-FB64-47C1-AE15-18ED218F5FD0}.Debug|Any CPU.ActiveCfg = Debug|Any CPU
		{54D7ABC4-FB64-47C1-AE15-18ED218F5FD0}.Debug|Any CPU.Build.0 = Debug|Any CPU
		{54D7ABC4-FB64-47C1-AE15-18ED218F5FD0}.Debug|Any CPU.Deploy.0 = Debug|Any CPU
		{54D7ABC4-FB64-47C1-AE15-18ED218F5FD0}.Debug|iPhone.ActiveCfg = Debug|Any CPU
		{54D7ABC4-FB64-47C1-AE15-18ED218F5FD0}.Debug|iPhone.Build.0 = Debug|Any CPU
		{54D7ABC4-FB64-47C1-AE15-18ED218F5FD0}.Debug|iPhone.Deploy.0 = Debug|Any CPU
		{54D7ABC4-FB64-47C1-AE15-18ED218F5FD0}.Debug|iPhoneSimulator.ActiveCfg = Debug|Any CPU
		{54D7ABC4-FB64-47C1-AE15-18ED218F5FD0}.Debug|iPhoneSimulator.Build.0 = Debug|Any CPU
		{54D7ABC4-FB64-47C1-AE15-18ED218F5FD0}.Debug|iPhoneSimulator.Deploy.0 = Debug|Any CPU
		{54D7ABC4-FB64-47C1-AE15-18ED218F5FD0}.Release|Any CPU.ActiveCfg = Release|Any CPU
		{54D7ABC4-FB64-47C1-AE15-18ED218F5FD0}.Release|Any CPU.Build.0 = Release|Any CPU
		{54D7ABC4-FB64-47C1-AE15-18ED218F5FD0}.Release|Any CPU.Deploy.0 = Release|Any CPU
		{54D7ABC4-FB64-47C1-AE15-18ED218F5FD0}.Release|iPhone.ActiveCfg = Release|Any CPU
		{54D7ABC4-FB64-47C1-AE15-18ED218F5FD0}.Release|iPhone.Build.0 = Release|Any CPU
		{54D7ABC4-FB64-47C1-AE15-18ED218F5FD0}.Release|iPhone.Deploy.0 = Release|Any CPU
		{54D7ABC4-FB64-47C1-AE15-18ED218F5FD0}.Release|iPhoneSimulator.ActiveCfg = Release|Any CPU
		{54D7ABC4-FB64-47C1-AE15-18ED218F5FD0}.Release|iPhoneSimulator.Build.0 = Release|Any CPU
		{54D7ABC4-FB64-47C1-AE15-18ED218F5FD0}.Release|iPhoneSimulator.Deploy.0 = Release|Any CPU
	EndGlobalSection
	GlobalSection(SolutionProperties) = preSolution
		HideSolutionNode = FALSE
	EndGlobalSection
	GlobalSection(ExtensibilityGlobals) = postSolution
		SolutionGuid = {79DCC720-37CD-4D8F-BA25-F75E1731316B}
	EndGlobalSection
EndGlobal
